<?xml version="1.0" encoding="utf-8"?>
<Project ToolsVersion="4.0" xmlns="http://schemas.microsoft.com/developer/msbuild/2003">
  <ItemGroup>
    <Filter Include="Source Files">
      <UniqueIdentifier>{4FC737F1-C7A5-4376-A066-2A32D752A2FF}</UniqueIdentifier>
      <Extensions>cpp;c;cc;cxx;def;odl;idl;hpj;bat;asm;asmx</Extensions>
    </Filter>
    <Filter Include="Header Files">
      <UniqueIdentifier>{93995380-89BD-4b04-88EB-625FBE52EBFB}</UniqueIdentifier>
      <Extensions>h;hh;hpp;hxx;hm;inl;inc;xsd</Extensions>
    </Filter>
    <Filter Include="Resource Files">
      <UniqueIdentifier>{67DA6AB6-F800-4c08-8B7A-83BB121AAD01}</UniqueIdentifier>
      <Extensions>rc;ico;cur;bmp;dlg;rc2;rct;bin;rgs;gif;jpg;jpeg;jpe;resx;tiff;tif;png;wav;mfcribbon-ms</Extensions>
    </Filter>
    <Filter Include="Source Files\graphic">
      <UniqueIdentifier>{4eac4f11-6c37-4739-b51a-46012db7c636}</UniqueIdentifier>
    </Filter>
    <Filter Include="Resource Files\font">
      <UniqueIdentifier>{c123e7a6-9480-4fcd-806c-612a67ed8ebc}</UniqueIdentifier>
    </Filter>
    <Filter Include="Resource Files\image">
      <UniqueIdentifier>{6cfda5ff-d353-4063-a229-f01de2093f50}</UniqueIdentifier>
    </Filter>
    <Filter Include="Source Files\game_objects">
      <UniqueIdentifier>{6ccf13cd-1228-4c9f-b01b-9b5f77306fc1}</UniqueIdentifier>
    </Filter>
    <Filter Include="Source Files\service">
      <UniqueIdentifier>{9bc2a2cd-9d02-4c1c-adf1-b824f0cdfeda}</UniqueIdentifier>
    </Filter>
    <Filter Include="Source Files\phisic">
      <UniqueIdentifier>{afe2a5ca-576f-4eaa-b40f-fc2af164803f}</UniqueIdentifier>
    </Filter>
    <Filter Include="Resource Files\image\house">
      <UniqueIdentifier>{3896e636-3256-477a-9b29-cc986140af10}</UniqueIdentifier>
    </Filter>
    <Filter Include="Resource Files\image\veget">
      <UniqueIdentifier>{ea57235f-5e34-44ad-a6e5-6e12cc0126eb}</UniqueIdentifier>
    </Filter>
    <Filter Include="Resource Files\image\human">
      <UniqueIdentifier>{546684ec-1712-43c9-ab85-a5f61842245f}</UniqueIdentifier>
    </Filter>
  </ItemGroup>
  <ItemGroup>
    <ClInclude Include="window.h">
      <Filter>Header Files</Filter>
    </ClInclude>
    <ClInclude Include="game_objects.h">
      <Filter>Header Files</Filter>
    </ClInclude>
    <ClInclude Include="log.h">
      <Filter>Header Files</Filter>
    </ClInclude>
    <ClInclude Include="phisic.h">
      <Filter>Header Files</Filter>
    </ClInclude>
    <ClInclude Include="service.h">
      <Filter>Header Files</Filter>
    </ClInclude>
    <ClInclude Include="state.h">
      <Filter>Header Files</Filter>
    </ClInclude>
  </ItemGroup>
  <ItemGroup>
    <Font Include="font\arial.ttf">
      <Filter>Resource Files\font</Filter>
    </Font>
    <Font Include="font\arialbd.ttf">
      <Filter>Resource Files\font</Filter>
    </Font>
    <Font Include="font\arialbi.ttf">
      <Filter>Resource Files\font</Filter>
    </Font>
    <Font Include="font\ariali.ttf">
      <Filter>Resource Files\font</Filter>
    </Font>
    <Font Include="font\ariblk.ttf">
      <Filter>Resource Files\font</Filter>
    </Font>
  </ItemGroup>
  <ItemGroup>
    <Image Include="image\house\door.png">
      <Filter>Resource Files\image\house</Filter>
    </Image>
    <Image Include="image\house\door2.png">
      <Filter>Resource Files\image\house</Filter>
    </Image>
    <Image Include="image\house\house.png">
      <Filter>Resource Files\image\house</Filter>
    </Image>
    <Image Include="image\house\house2.png">
      <Filter>Resource Files\image\house</Filter>
    </Image>
    <Image Include="image\human\human1.png">
      <Filter>Resource Files\image\human</Filter>
    </Image>
    <Image Include="image\human\human2.png">
      <Filter>Resource Files\image\human</Filter>
    </Image>
    <Image Include="image\human\player.png">
      <Filter>Resource Files\image\human</Filter>
    </Image>
    <Image Include="image\veget\shrub.png">
      <Filter>Resource Files\image\veget</Filter>
    </Image>
    <Image Include="image\veget\shrub2.png">
      <Filter>Resource Files\image\veget</Filter>
    </Image>
    <Image Include="image\veget\tree.png">
      <Filter>Resource Files\image\veget</Filter>
    </Image>
  </ItemGroup>
  <ItemGroup>
    <ClCompile Include="gameObjects.cpp">
      <Filter>Source Files\game_objects</Filter>
    </ClCompile>
    <ClCompile Include="animal.cpp">
      <Filter>Source Files\game_objects</Filter>
    </ClCompile>
    <ClCompile Include="baseObjects.cpp">
      <Filter>Source Files\game_objects</Filter>
    </ClCompile>
    <ClCompile Include="window.cpp">
      <Filter>Source Files\graphic</Filter>
    </ClCompile>
    <ClCompile Include="phisic.cpp">
      <Filter>Source Files\phisic</Filter>
    </ClCompile>
    <ClCompile Include="log.cpp">
      <Filter>Source Files\service</Filter>
    </ClCompile>
    <ClCompile Include="service.cpp">
      <Filter>Source Files\service</Filter>
    </ClCompile>
    <ClCompile Include="main.cpp">
      <Filter>Source Files</Filter>
    </ClCompile>
    <ClCompile Include="state.cpp">
      <Filter>Source Files</Filter>
    </ClCompile>
  </ItemGroup>
</Project>